
Microsoft Visual Studio Solution File, Format Version 12.00
# Visual Studio 14
VisualStudioVersion = 14.0.25420.1
MinimumVisualStudioVersion = 10.0.40219.1
Project("{FAE04EC0-301F-11D3-BF4B-00C04F79EFBC}") = "RestaurantManagementProject", "RestaurantManagementProject\RestaurantManagementProject.csproj", "{B8A22710-502E-40A9-AB36-F6CB7A15A80E}"
EndProject
Project("{FAE04EC0-301F-11D3-BF4B-00C04F79EFBC}") = "BusinessLogic", "BusinessLogic\BusinessLogic.csproj", "{D27B4AF9-F899-457E-8FDE-7054F9868EC5}"
EndProject
Project("{FAE04EC0-301F-11D3-BF4B-00C04F79EFBC}") = "DataAccess", "DataAccess\DataAccess.csproj", "{F830AD21-EB4E-4C92-8254-D93B15D093E1}"
EndProject
Global
	GlobalSection(SolutionConfigurationPlatforms) = preSolution
		Debug|Any CPU = Debug|Any CPU
		Release|Any CPU = Release|Any CPU
	EndGlobalSection
	GlobalSection(ProjectConfigurationPlatforms) = postSolution
		{B8A22710-502E-40A9-AB36-F6CB7A15A80E}.Debug|Any CPU.ActiveCfg = Debug|Any CPU
		{B8A22710-502E-40A9-AB36-F6CB7A15A80E}.Debug|Any CPU.Build.0 = Debug|Any CPU
		{B8A22710-502E-40A9-AB36-F6CB7A15A80E}.Release|Any CPU.ActiveCfg = Release|Any CPU
		{B8A22710-502E-40A9-AB36-F6CB7A15A80E}.Release|Any CPU.Build.0 = Release|Any CPU
		{D27B4AF9-F899-457E-8FDE-7054F9868EC5}.Debug|Any CPU.ActiveCfg = Debug|Any CPU
		{D27B4AF9-F899-457E-8FDE-7054F9868EC5}.Debug|Any CPU.Build.0 = Debug|Any CPU
		{D27B4AF9-F899-457E-8FDE-7054F9868EC5}.Release|Any CPU.ActiveCfg = Release|Any CPU
		{D27B4AF9-F899-457E-8FDE-7054F9868EC5}.Release|Any CPU.Build.0 = Release|Any CPU
		{F830AD21-EB4E-4C92-8254-D93B15D093E1}.Debug|Any CPU.ActiveCfg = Debug|Any CPU
		{F830AD21-EB4E-4C92-8254-D93B15D093E1}.Debug|Any CPU.Build.0 = Debug|Any CPU
		{F830AD21-EB4E-4C92-8254-D93B15D093E1}.Release|Any CPU.ActiveCfg = Release|Any CPU
		{F830AD21-EB4E-4C92-8254-D93B15D093E1}.Release|Any CPU.Build.0 = Release|Any CPU
	EndGlobalSection
	GlobalSection(SolutionProperties) = preSolution
		HideSolutionNode = FALSE
	EndGlobalSection
EndGlobal
